
Microsoft Visual Studio Solution File, Format Version 12.00
Project("{FAE04EC0-301F-11D3-BF4B-00C04F79EFBC}") = "AppRazorPageDemo", "AppRazorPageDemo\AppRazorPageDemo.csproj", "{FDBB3FC4-33F6-48E7-8DB6-EEF57A9D1846}"
EndProject
Global
	GlobalSection(SolutionConfigurationPlatforms) = preSolution
		Debug|Any CPU = Debug|Any CPU
		Release|Any CPU = Release|Any CPU
	EndGlobalSection
	GlobalSection(ProjectConfigurationPlatforms) = postSolution
		{FDBB3FC4-33F6-48E7-8DB6-EEF57A9D1846}.Debug|Any CPU.ActiveCfg = Debug|Any CPU
		{FDBB3FC4-33F6-48E7-8DB6-EEF57A9D1846}.Debug|Any CPU.Build.0 = Debug|Any CPU
		{FDBB3FC4-33F6-48E7-8DB6-EEF57A9D1846}.Release|Any CPU.ActiveCfg = Release|Any CPU
		{FDBB3FC4-33F6-48E7-8DB6-EEF57A9D1846}.Release|Any CPU.Build.0 = Release|Any CPU
	EndGlobalSection
EndGlobal
